
Microsoft Visual Studio Solution File, Format Version 12.00
# Visual Studio Version 17
VisualStudioVersion = 17.9.34728.123
MinimumVisualStudioVersion = 10.0.40219.1
Project("{9A19103F-16F7-4668-BE54-9A1E7A4F7556}") = "DailyApp.WPF", "DailyApp.WPF\DailyApp.WPF.csproj", "{C0D742F2-1214-428D-82E1-6B84A3B806BC}"
EndProject
Project("{FAE04EC0-301F-11D3-BF4B-00C04F79EFBC}") = "DailyApp.API", "DailyApp.API\DailyApp.API.csproj", "{2FE3EC6F-563C-4E28-ADA0-FCAAAFA85349}"
EndProject
Global
	GlobalSection(SolutionConfigurationPlatforms) = preSolution
		Debug|Any CPU = Debug|Any CPU
		Release|Any CPU = Release|Any CPU
	EndGlobalSection
	GlobalSection(ProjectConfigurationPlatforms) = postSolution
		{C0D742F2-1214-428D-82E1-6B84A3B806BC}.Debug|Any CPU.ActiveCfg = Debug|Any CPU
		{C0D742F2-1214-428D-82E1-6B84A3B806BC}.Debug|Any CPU.Build.0 = Debug|Any CPU
		{C0D742F2-1214-428D-82E1-6B84A3B806BC}.Release|Any CPU.ActiveCfg = Release|Any CPU
		{C0D742F2-1214-428D-82E1-6B84A3B806BC}.Release|Any CPU.Build.0 = Release|Any CPU
		{2FE3EC6F-563C-4E28-ADA0-FCAAAFA85349}.Debug|Any CPU.ActiveCfg = Debug|Any CPU
		{2FE3EC6F-563C-4E28-ADA0-FCAAAFA85349}.Debug|Any CPU.Build.0 = Debug|Any CPU
		{2FE3EC6F-563C-4E28-ADA0-FCAAAFA85349}.Release|Any CPU.ActiveCfg = Release|Any CPU
		{2FE3EC6F-563C-4E28-ADA0-FCAAAFA85349}.Release|Any CPU.Build.0 = Release|Any CPU
	EndGlobalSection
	GlobalSection(SolutionProperties) = preSolution
		HideSolutionNode = FALSE
	EndGlobalSection
	GlobalSection(ExtensibilityGlobals) = postSolution
		SolutionGuid = {9553E12F-633B-400B-9898-8A8A7B363B87}
	EndGlobalSection
EndGlobal
